
Microsoft Visual Studio Solution File, Format Version 12.00
# Visual Studio Version 17
VisualStudioVersion = 17.11.35222.181
MinimumVisualStudioVersion = 10.0.40219.1
Project("{FAE04EC0-301F-11D3-BF4B-00C04F79EFBC}") = "VuLinh-OOP", "VuLinh-OOP\VuLinh-OOP.csproj", "{D31A893E-4748-4C17-9A8F-5B63E2B1B690}"
EndProject
Global
	GlobalSection(SolutionConfigurationPlatforms) = preSolution
		Debug|Any CPU = Debug|Any CPU
		Release|Any CPU = Release|Any CPU
	EndGlobalSection
	GlobalSection(ProjectConfigurationPlatforms) = postSolution
		{D31A893E-4748-4C17-9A8F-5B63E2B1B690}.Debug|Any CPU.ActiveCfg = Debug|Any CPU
		{D31A893E-4748-4C17-9A8F-5B63E2B1B690}.Debug|Any CPU.Build.0 = Debug|Any CPU
		{D31A893E-4748-4C17-9A8F-5B63E2B1B690}.Release|Any CPU.ActiveCfg = Release|Any CPU
		{D31A893E-4748-4C17-9A8F-5B63E2B1B690}.Release|Any CPU.Build.0 = Release|Any CPU
	EndGlobalSection
	GlobalSection(SolutionProperties) = preSolution
		HideSolutionNode = FALSE
	EndGlobalSection
	GlobalSection(ExtensibilityGlobals) = postSolution
		SolutionGuid = {334981A1-595D-4DD7-8D7A-BB88C7C6A822}
	EndGlobalSection
EndGlobal
